{
  "name": "bunker-seo-publisher",
  "version": "0.5.0",
  "lockfileVersion": 3,
  "requires": true,
  "packages": {
    "": {
      "name": "bunker-seo-publisher",
      "version": "0.5.0",
      "dependencies": {
        "pocketbase": "^0.28.1",
        "undici": "^7.29.1"
      },
      "engines": {
        "node": ">=20"
      }
    },
    "node_modules/pocketbase": {
      "version": "0.28.1",
      "resolved": "https://registry.npmjs.org/pocketbase/-/pocketbase-0.28.1.tgz",
      "integrity": "sha512-/3ihkq+rvfcs0MQgrK4sEElOg6gfenHW9S/O+3BSO+V1yT+4B10+9aT22uTQUPqze9ItwNtwWyY5ZmdgVCTdVA==",
      "license": "MIT"
    },
    "node_modules/undici": {
      "version": "7.29.1",
      "resolved": "https://registry.npmjs.org/undici/-/undici-7.29.1.tgz",
      "integrity": "sha512-RYONW2MeafgYlkVOKYKkA/Ag7BmXqgIWCa8t1m0JcxrQg9pI9lEqRhAOruOBCbAohOa/gkCF+iPi9hrgvTzu6Q==",
      "license": "MIT",
      "engines": {
        "node": ">=20.18.1"
      }
    }
  }
}
